// !$*UTF8*$!
{
	archiveVersion = 1;
	classes = {
	};
	objectVersion = 50;
	objects = {

/* Begin PBXBuildFile section */
		7E81C127222B5C1D001FCAC7 /* AppDelegate.swift in Sources */ = {isa = PBXBuildFile; fileRef = 7E81C126222B5C1D001FCAC7 /* AppDelegate.swift */; };
		7E81C129222B5C1D001FCAC7 /* ViewController.swift in Sources */ = {isa = PBXBuildFile; fileRef = 7E81C128222B5C1D001FCAC7 /* ViewController.swift */; };
		7E81C12B222B5C1F001FCAC7 /* Assets.xcassets in Resources */ = {isa = PBXBuildFile; fileRef = 7E81C12A222B5C1F001FCAC7 /* Assets.xcassets */; };
		7E81C12E222B5C1F001FCAC7 /* Main.storyboard in Resources */ = {isa = PBXBuildFile; fileRef = 7E81C12C222B5C1F001FCAC7 /* Main.storyboard */; };
		7E81C139222B5C36001FCAC7 /* SerialExample.m in Sources */ = {isa = PBXBuildFile; fileRef = 7E81C137222B5C35001FCAC7 /* SerialExample.m */; };
		7E81C13B222B7F03001FCAC7 /* WindowController.swift in Sources */ = {isa = PBXBuildFile; fileRef = 7E81C13A222B7F03001FCAC7 /* WindowController.swift */; };
/* End PBXBuildFile section */

/* Begin PBXFileReference section */
		7E81C123222B5C1D001FCAC7 /* Node_Communication.app */ = {isa = PBXFileReference; explicitFileType = wrapper.application; includeInIndex = 0; path = Node_Communication.app; sourceTree = BUILT_PRODUCTS_DIR; };
		7E81C126222B5C1D001FCAC7 /* AppDelegate.swift */ = {isa = PBXFileReference; lastKnownFileType = sourcecode.swift; path = AppDelegate.swift; sourceTree = "<group>"; };
		7E81C128222B5C1D001FCAC7 /* ViewController.swift */ = {isa = PBXFileReference; lastKnownFileType = sourcecode.swift; path = ViewController.swift; sourceTree = "<group>"; };
		7E81C12A222B5C1F001FCAC7 /* Assets.xcassets */ = {isa = PBXFileReference; lastKnownFileType = folder.assetcatalog; path = Assets.xcassets; sourceTree = "<group>"; };
		7E81C12D222B5C1F001FCAC7 /* Base */ = {isa = PBXFileReference; lastKnownFileType = file.storyboard; name = Base; path = Base.lproj/Main.storyboard; sourceTree = "<group>"; };
		7E81C12F222B5C1F001FCAC7 /* Info.plist */ = {isa = PBXFileReference; lastKnownFileType = text.plist.xml; path = Info.plist; sourceTree = "<group>"; };
		7E81C130222B5C1F001FCAC7 /* Node_Communication.entitlements */ = {isa = PBXFileReference; lastKnownFileType = text.plist.entitlements; path = Node_Communication.entitlements; sourceTree = "<group>"; };
		7E81C136222B5C34001FCAC7 /* Node_Communication-Bridging-Header.h */ = {isa = PBXFileReference; lastKnownFileType = sourcecode.c.h; path = "Node_Communication-Bridging-Header.h"; sourceTree = "<group>"; };
		7E81C137222B5C35001FCAC7 /* SerialExample.m */ = {isa = PBXFileReference; fileEncoding = 4; lastKnownFileType = sourcecode.c.objc; path = SerialExample.m; sourceTree = "<group>"; };
		7E81C138222B5C36001FCAC7 /* SerialExample.h */ = {isa = PBXFileReference; fileEncoding = 4; lastKnownFileType = sourcecode.c.h; path = SerialExample.h; sourceTree = "<group>"; };
		7E81C13A222B7F03001FCAC7 /* WindowController.swift */ = {isa = PBXFileReference; lastKnownFileType = sourcecode.swift; path = WindowController.swift; sourceTree = "<group>"; };
/* End PBXFileReference section */

/* Begin PBXFrameworksBuildPhase section */
		7E81C120222B5C1D001FCAC7 /* Frameworks */ = {
			isa = PBXFrameworksBuildPhase;
			buildActionMask = 2147483647;
			files = (
			);
			runOnlyForDeploymentPostprocessing = 0;
		};
/* End PBXFrameworksBuildPhase section */

/* Begin PBXGroup section */
		7E81C11A222B5C1D001FCAC7 = {
			isa = PBXGroup;
			children = (
				7E81C125222B5C1D001FCAC7 /* Node_Communication */,
				7E81C124222B5C1D001FCAC7 /* Products */,
			);
			sourceTree = "<group>";
		};
		7E81C124222B5C1D001FCAC7 /* Products */ = {
			isa = PBXGroup;
			children = (
				7E81C123222B5C1D001FCAC7 /* Node_Communication.app */,
			);
			name = Products;
			sourceTree = "<group>";
		};
		7E81C125222B5C1D001FCAC7 /* Node_Communication */ = {
			isa = PBXGroup;
			children = (
				7E81C126222B5C1D001FCAC7 /* AppDelegate.swift */,
				7E81C13A222B7F03001FCAC7 /* WindowController.swift */,
				7E81C128222B5C1D001FCAC7 /* ViewController.swift */,
				7E81C138222B5C36001FCAC7 /* SerialExample.h */,
				7E81C137222B5C35001FCAC7 /* SerialExample.m */,
				7E81C12A222B5C1F001FCAC7 /* Assets.xcassets */,
				7E81C12C222B5C1F001FCAC7 /* Main.storyboard */,
				7E81C12F222B5C1F001FCAC7 /* Info.plist */,
				7E81C130222B5C1F001FCAC7 /* Node_Communication.entitlements */,
				7E81C136222B5C34001FCAC7 /* Node_Communication-Bridging-Header.h */,
			);
			path = Node_Communication;
			sourceTree = "<group>";
		};
/* End PBXGroup section */

/* Begin PBXNativeTarget section */
		7E81C122222B5C1D001FCAC7 /* Node_Communication */ = {
			isa = PBXNativeTarget;
			buildConfigurationList = 7E81C133222B5C1F001FCAC7 /* Build configuration list for PBXNativeTarget "Node_Communication" */;
			buildPhases = (
				7E81C11F222B5C1D001FCAC7 /* Sources */,
				7E81C120222B5C1D001FCAC7 /* Frameworks */,
				7E81C121222B5C1D001FCAC7 /* Resources */,
			);
			buildRules = (
			);
			dependencies = (
			);
			name = Node_Communication;
			productName = Node_Communication;
			productReference = 7E81C123222B5C1D001FCAC7 /* Node_Communication.app */;
			productType = "com.apple.product-type.application";
		};
/* End PBXNativeTarget section */

/* Begin PBXProject section */
		7E81C11B222B5C1D001FCAC7 /* Project object */ = {
			isa = PBXProject;
			attributes = {
				LastSwiftUpdateCheck = 1010;
				LastUpgradeCheck = 1010;
				ORGANIZATIONNAME = Visckmart;
				TargetAttributes = {
					7E81C122222B5C1D001FCAC7 = {
						CreatedOnToolsVersion = 10.1;
						LastSwiftMigration = 1010;
					};
				};
			};
			buildConfigurationList = 7E81C11E222B5C1D001FCAC7 /* Build configuration list for PBXProject "Node_Communication" */;
			compatibilityVersion = "Xcode 9.3";
			developmentRegion = en;
			hasScannedForEncodings = 0;
			knownRegions = (
				en,
				Base,
			);
			mainGroup = 7E81C11A222B5C1D001FCAC7;
			productRefGroup = 7E81C124222B5C1D001FCAC7 /* Products */;
			projectDirPath = "";
			projectRoot = "";
			targets = (
				7E81C122222B5C1D001FCAC7 /* Node_Communication */,
			);
		};
/* End PBXProject section */

/* Begin PBXResourcesBuildPhase section */
		7E81C121222B5C1D001FCAC7 /* Resources */ = {
			isa = PBXResourcesBuildPhase;
			buildActionMask = 2147483647;
			files = (
				7E81C12B222B5C1F001FCAC7 /* Assets.xcassets in Resources */,
				7E81C12E222B5C1F001FCAC7 /* Main.storyboard in Resources */,
			);
			runOnlyForDeploymentPostprocessing = 0;
		};
/* End PBXResourcesBuildPhase section */

/* Begin PBXSourcesBuildPhase section */
		7E81C11F222B5C1D001FCAC7 /* Sources */ = {
			isa = PBXSourcesBuildPhase;
			buildActionMask = 2147483647;
			files = (
				7E81C129222B5C1D001FCAC7 /* ViewController.swift in Sources */,
				7E81C13B222B7F03001FCAC7 /* WindowController.swift in Sources */,
				7E81C127222B5C1D001FCAC7 /* AppDelegate.swift in Sources */,
				7E81C139222B5C36001FCAC7 /* SerialExample.m in Sources */,
			);
			runOnlyForDeploymentPostprocessing = 0;
		};
/* End PBXSourcesBuildPhase section */

/* Begin PBXVariantGroup section */
		7E81C12C222B5C1F001FCAC7 /* Main.storyboard */ = {
			isa = PBXVariantGroup;
			children = (
				7E81C12D222B5C1F001FCAC7 /* Base */,
			);
			name = Main.storyboard;
			sourceTree = "<group>";
		};
/* End PBXVariantGroup section */

/* Begin XCBuildConfiguration section */
		7E81C131222B5C1F001FCAC7 /* Debug */ = {
			isa = XCBuildConfiguration;
			buildSettings = {
				ALWAYS_SEARCH_USER_PATHS = NO;
				CLANG_ANALYZER_NONNULL = YES;
				CLANG_ANALYZER_NUMBER_OBJECT_CONVERSION = YES_AGGRESSIVE;
				CLANG_CXX_LANGUAGE_STANDARD = "gnu++14";
				CLANG_CXX_LIBRARY = "libc++";
				CLANG_ENABLE_MODULES = YES;
				CLANG_ENABLE_OBJC_ARC = YES;
				CLANG_ENABLE_OBJC_WEAK = YES;
				CLANG_WARN_BLOCK_CAPTURE_AUTORELEASING = YES;
				CLANG_WARN_BOOL_CONVERSION = YES;
				CLANG_WARN_COMMA = YES;
				CLANG_WARN_CONSTANT_CONVERSION = YES;
				CLANG_WARN_DEPRECATED_OBJC_IMPLEMENTATIONS = YES;
				CLANG_WARN_DIRECT_OBJC_ISA_USAGE = YES_ERROR;
				CLANG_WARN_DOCUMENTATION_COMMENTS = YES;
				CLANG_WARN_EMPTY_BODY = YES;
				CLANG_WARN_ENUM_CONVERSION = YES;
				CLANG_WARN_INFINITE_RECURSION = YES;
				CLANG_WARN_INT_CONVERSION = YES;
				CLANG_WARN_NON_LITERAL_NULL_CONVERSION = YES;
				CLANG_WARN_OBJC_IMPLICIT_RETAIN_SELF = YES;
				CLANG_WARN_OBJC_LITERAL_CONVERSION = YES;
				CLANG_WARN_OBJC_ROOT_CLASS = YES_ERROR;
				CLANG_WARN_RANGE_LOOP_ANALYSIS = YES;
				CLANG_WARN_STRICT_PROTOTYPES = YES;
				CLANG_WARN_SUSPICIOUS_MOVE = YES;
				CLANG_WARN_UNGUARDED_AVAILABILITY = YES_AGGRESSIVE;
				CLANG_WARN_UNREACHABLE_CODE = YES;
				CLANG_WARN__DUPLICATE_METHOD_MATCH = YES;
				CODE_SIGN_IDENTITY = "Mac Developer";
				COPY_PHASE_STRIP = NO;
				DEBUG_INFORMATION_FORMAT = dwarf;
				ENABLE_STRICT_OBJC_MSGSEND = YES;
				ENABLE_TESTABILITY = YES;
				GCC_C_LANGUAGE_STANDARD = gnu11;
				GCC_DYNAMIC_NO_PIC = NO;
				GCC_NO_COMMON_BLOCKS = YES;
				GCC_OPTIMIZATION_LEVEL = 0;
				GCC_PREPROCESSOR_DEFINITIONS = (
					"DEBUG=1",
					"$(inherited)",
				);
				GCC_WARN_64_TO_32_BIT_CONVERSION = YES;
				GCC_WARN_ABOUT_RETURN_TYPE = YES_ERROR;
				GCC_WARN_UNDECLARED_SELECTOR = YES;
				GCC_WARN_UNINITIALIZED_AUTOS = YES_AGGRESSIVE;
				GCC_WARN_UNUSED_FUNCTION = YES;
				GCC_WARN_UNUSED_VARIABLE = YES;
				MACOSX_DEPLOYMENT_TARGET = 10.14;
				MTL_ENABLE_DEBUG_INFO = INCLUDE_SOURCE;
				MTL_FAST_MATH = YES;
				ONLY_ACTIVE_ARCH = YES;
				SDKROOT = macosx;
				SWIFT_ACTIVE_COMPILATION_CONDITIONS = DEBUG;
				SWIFT_OPTIMIZATION_LEVEL = "-Onone";
			};
			name = Debug;
		};
		7E81C132222B5C1F001FCAC7 /* Release */ = {
			isa = XCBuildConfiguration;
			buildSettings = {
				ALWAYS_SEARCH_USER_PATHS = NO;
				CLANG_ANALYZER_NONNULL = YES;
				CLANG_ANALYZER_NUMBER_OBJECT_CONVERSION = YES_AGGRESSIVE;
				CLANG_CXX_LANGUAGE_STANDARD = "gnu++14";
				CLANG_CXX_LIBRARY = "libc++";
				CLANG_ENABLE_MODULES = YES;
				CLANG_ENABLE_OBJC_ARC = YES;
				CLANG_ENABLE_OBJC_WEAK = YES;
				CLANG_WARN_BLOCK_CAPTURE_AUTORELEASING = YES;
				CLANG_WARN_BOOL_CONVERSION = YES;
				CLANG_WARN_COMMA = YES;
				CLANG_WARN_CONSTANT_CONVERSION = YES;
				CLANG_WARN_DEPRECATED_OBJC_IMPLEMENTATIONS = YES;
				CLANG_WARN_DIRECT_OBJC_ISA_USAGE = YES_ERROR;
				CLANG_WARN_DOCUMENTATION_COMMENTS = YES;
				CLANG_WARN_EMPTY_BODY = YES;
				CLANG_WARN_ENUM_CONVERSION = YES;
				CLANG_WARN_INFINITE_RECURSION = YES;
				CLANG_WARN_INT_CONVERSION = YES;
				CLANG_WARN_NON_LITERAL_NULL_CONVERSION = YES;
				CLANG_WARN_OBJC_IMPLICIT_RETAIN_SELF = YES;
				CLANG_WARN_OBJC_LITERAL_CONVERSION = YES;
				CLANG_WARN_OBJC_ROOT_CLASS = YES_ERROR;
				CLANG_WARN_RANGE_LOOP_ANALYSIS = YES;
				CLANG_WARN_STRICT_PROTOTYPES = YES;
				CLANG_WARN_SUSPICIOUS_MOVE = YES;
				CLANG_WARN_UNGUARDED_AVAILABILITY = YES_AGGRESSIVE;
				CLANG_WARN_UNREACHABLE_CODE = YES;
				CLANG_WARN__DUPLICATE_METHOD_MATCH = YES;
				CODE_SIGN_IDENTITY = "Mac Developer";
				COPY_PHASE_STRIP = NO;
				DEBUG_INFORMATION_FORMAT = "dwarf-with-dsym";
				ENABLE_NS_ASSERTIONS = NO;
				ENABLE_STRICT_OBJC_MSGSEND = YES;
				GCC_C_LANGUAGE_STANDARD = gnu11;
				GCC_NO_COMMON_BLOCKS = YES;
				GCC_WARN_64_TO_32_BIT_CONVERSION = YES;
				GCC_WARN_ABOUT_RETURN_TYPE = YES_ERROR;
				GCC_WARN_UNDECLARED_SELECTOR = YES;
				GCC_WARN_UNINITIALIZED_AUTOS = YES_AGGRESSIVE;
				GCC_WARN_UNUSED_FUNCTION = YES;
				GCC_WARN_UNUSED_VARIABLE = YES;
				MACOSX_DEPLOYMENT_TARGET = 10.14;
				MTL_ENABLE_DEBUG_INFO = NO;
				MTL_FAST_MATH = YES;
				SDKROOT = macosx;
				SWIFT_COMPILATION_MODE = wholemodule;
				SWIFT_OPTIMIZATION_LEVEL = "-O";
			};
			name = Release;
		};
		7E81C134222B5C1F001FCAC7 /* Debug */ = {
			isa = XCBuildConfiguration;
			buildSettings = {
				ASSETCATALOG_COMPILER_APPICON_NAME = AppIcon;
				CLANG_ENABLE_MODULES = YES;
				CODE_SIGN_ENTITLEMENTS = Node_Communication/Node_Communication.entitlements;
				CODE_SIGN_STYLE = Automatic;
				COMBINE_HIDPI_IMAGES = YES;
				DEVELOPMENT_TEAM = 47F59X4A7T;
				INFOPLIST_FILE = Node_Communication/Info.plist;
				LD_RUNPATH_SEARCH_PATHS = (
					"$(inherited)",
					"@executable_path/../Frameworks",
				);
				PRODUCT_BUNDLE_IDENTIFIER = "com.visckmart.Node-Communication";
				PRODUCT_NAME = "$(TARGET_NAME)";
				SWIFT_OBJC_BRIDGING_HEADER = "Node_Communication/Node_Communication-Bridging-Header.h";
				SWIFT_OPTIMIZATION_LEVEL = "-Onone";
				SWIFT_VERSION = 4.2;
			};
			name = Debug;
		};
		7E81C135222B5C1F001FCAC7 /* Release */ = {
			isa = XCBuildConfiguration;
			buildSettings = {
				ASSETCATALOG_COMPILER_APPICON_NAME = AppIcon;
				CLANG_ENABLE_MODULES = YES;
				CODE_SIGN_ENTITLEMENTS = Node_Communication/Node_Communication.entitlements;
				CODE_SIGN_STYLE = Automatic;
				COMBINE_HIDPI_IMAGES = YES;
				DEVELOPMENT_TEAM = 47F59X4A7T;
				INFOPLIST_FILE = Node_Communication/Info.plist;
				LD_RUNPATH_SEARCH_PATHS = (
					"$(inherited)",
					"@executable_path/../Frameworks",
				);
				PRODUCT_BUNDLE_IDENTIFIER = "com.visckmart.Node-Communication";
				PRODUCT_NAME = "$(TARGET_NAME)";
				SWIFT_OBJC_BRIDGING_HEADER = "Node_Communication/Node_Communication-Bridging-Header.h";
				SWIFT_VERSION = 4.2;
			};
			name = Release;
		};
/* End XCBuildConfiguration section */

/* Begin XCConfigurationList section */
		7E81C11E222B5C1D001FCAC7 /* Build configuration list for PBXProject "Node_Communication" */ = {
			isa = XCConfigurationList;
			buildConfigurations = (
				7E81C131222B5C1F001FCAC7 /* Debug */,
				7E81C132222B5C1F001FCAC7 /* Release */,
			);
			defaultConfigurationIsVisible = 0;
			defaultConfigurationName = Release;
		};
		7E81C133222B5C1F001FCAC7 /* Build configuration list for PBXNativeTarget "Node_Communication" */ = {
			isa = XCConfigurationList;
			buildConfigurations = (
				7E81C134222B5C1F001FCAC7 /* Debug */,
				7E81C135222B5C1F001FCAC7 /* Release */,
			);
			defaultConfigurationIsVisible = 0;
			defaultConfigurationName = Release;
		};
/* End XCConfigurationList section */
	};
	rootObject = 7E81C11B222B5C1D001FCAC7 /* Project object */;
}
